
Microsoft Visual Studio Solution File, Format Version 12.00
# Visual Studio Version 16
VisualStudioVersion = 16.0.31313.79
MinimumVisualStudioVersion = 10.0.40219.1
Project("{9A19103F-16F7-4668-BE54-9A1E7A4F7556}") = "ModLibsNPCDialogue", "ModLibsNPCDialogue\ModLibsNPCDialogue.csproj", "{1EE4E5BB-F492-404C-B5D8-B3EB4450C39C}"
EndProject
Global
	GlobalSection(SolutionConfigurationPlatforms) = preSolution
		Debug|Any CPU = Debug|Any CPU
		Release|Any CPU = Release|Any CPU
	EndGlobalSection
	GlobalSection(ProjectConfigurationPlatforms) = postSolution
		{1EE4E5BB-F492-404C-B5D8-B3EB4450C39C}.Debug|Any CPU.ActiveCfg = Debug|Any CPU
		{1EE4E5BB-F492-404C-B5D8-B3EB4450C39C}.Debug|Any CPU.Build.0 = Debug|Any CPU
		{1EE4E5BB-F492-404C-B5D8-B3EB4450C39C}.Release|Any CPU.ActiveCfg = Release|Any CPU
		{1EE4E5BB-F492-404C-B5D8-B3EB4450C39C}.Release|Any CPU.Build.0 = Release|Any CPU
	EndGlobalSection
	GlobalSection(SolutionProperties) = preSolution
		HideSolutionNode = FALSE
	EndGlobalSection
	GlobalSection(ExtensibilityGlobals) = postSolution
		SolutionGuid = {73E3A2E5-4AFD-472A-9E6E-A95F834A5427}
	EndGlobalSection
EndGlobal
